schema_version: "1.3"
vendors:
    - name: git-plumbing
      ref: main
      commit_hash: b4eca7920979d915b85b926bc3553fa965ea33b0
      license_path: .git-vendor\licenses\git-plumbing.txt
      updated: "2026-02-17T20:09:49Z"
      file_hashes:
        pkg/git-plumbing/branch.go: 4f7989bd438e932204d0c39ce8b8ed59c3734c5d6058a09f574caea8baa635be
        pkg/git-plumbing/commit.go: daa3ae212b9d0e3f08f7916dae8018c2af506bd3d7d9771ecb170c12b9b1d384
        pkg/git-plumbing/config.go: 4974cbb22572f9c7c98cc20e9025500c76a54f34150a4b6357c213ce3ef28141
        pkg/git-plumbing/custom_refs.go: 4ca72c8f06dc60b63a85600899de05605a278da419b35ad715a69219098e7004
        pkg/git-plumbing/diff.go: f9ddb056f3f6d117133fd4d0494e423dc392ee2d79574d08b04eb81f1f0daeea
        pkg/git-plumbing/errors.go: 170ae008ffd450fdc0eef6f42afa525492afa0e5073ca2071e80793592e30482
        pkg/git-plumbing/git.go: 9356d1a8bfb86666b85515c4497540084c9e7af6d059782445f87f0be32485ea
        pkg/git-plumbing/go.mod: fc7e17da6efea393520179ae5d4b63a2e5c4f30cf60222435ad8d58358907d13
        pkg/git-plumbing/hook.go: b3aa4d028dfa2e813a1b4e0cc6db61a98185c8e15e454964052c3d969bf869d9
        pkg/git-plumbing/log.go: 494ac2cd8449271942a7adf60b15580b9ffd23b6d64f06a3f263fdaf397dab3e
        pkg/git-plumbing/notes.go: 8ba85c12962abde0140fa4ff07b0e1f4f7444a646768a8010038229df0fc9228
        pkg/git-plumbing/refs.go: d91b86ed288f76517cebba0b92280301b3cba1d9e3fe436de7fbef52e0eaec2d
        pkg/git-plumbing/remote.go: 0113d4bf3c2f318951483af3755e97a121140f522a7976da143f071a9ae566b2
        pkg/git-plumbing/status.go: 53dcc7e7d0c54bbb7706e6d28c62acf03c938f093297d7dce7168a1d210e1111
        pkg/git-plumbing/subject.go: 241dccd729c24adead0530cf0c85fc0f88e97e42b06313121cb79bfd1352f58c
        pkg/git-plumbing/surface.go: db9c72e6cd7301c2bf684a8e2a2156b57f1dbd4ce81ab43766f3425040321760
        pkg/git-plumbing/tag.go: 0a756247f1f52479dc59c415c52486695e45de5a76318eed24db96942911f37d
        pkg/git-plumbing/tags.go: 14b5603aeb757b76c82940a73687419a19d96f1bfbb3bc3ffb33a5b74dabb59c
        pkg/git-plumbing/tagscan.go: e8e11783525d929a771a2191936ff938ccf5de0b96217dffd79663c93b9a84cf
        pkg/git-plumbing/testutil/fixtures.go: ae76ca8445434e9400f3942ff2ed80c9657e6ea527e4efaa35c9cd5162f2775b
        pkg/git-plumbing/testutil/repo.go: f6d8ba62441d0d197a04092a931ccb2bf5e08d08a9e7ebb65878bbf1d6ce8736
        pkg/git-plumbing/tree.go: 709126c61fba5b64a310e119f5c1591d7bf9053ab6de94a10373bab18c11ac35
      license_spdx: MIT
      vendored_at: "2026-02-09T12:00:00Z"
      vendored_by: Claude <noreply@anthropic.com>
      last_synced_at: "2026-02-17T20:09:49Z"
    - name: git-ecosystem
      ref: main
      commit_hash: 2ebe0bcaae83dcb7dfc20aecaa6b9296f8c89072
      license_path: .git-vendor\licenses\git-ecosystem.txt
      updated: "2026-02-17T20:09:37Z"
      file_hashes:
        .claude/hooks/env.sh: e7d5524e4d4540ac4d5844a88c8e0d15d75e6fabdbdba225fe2f5ad0429d48f2
        .claude/hooks/go-format.sh: 73020d916c670d2cb77088f3be4a502e040fb93cffaafec7672de0a593db0304
        .claude/hooks/go-verify.sh: c229b4c87b696897dacd825cfd1c2af150970b6f27b1f6abc0ba13632927950a
        .claude/hooks/vendor-context.sh: 200f00b51254606a80473479c537f0c1f5536881396796e24ec7e44117baaf74
        .claude/hooks/vendor-guard.sh: be44e4836644f649eb409fc6dc25d68aeb686ab2cf850e5b79405bd8ce16e5f7
        .claude/rules/commit-schema-tags.md: 7e39ab9f808f4c31d1dce9e4b096dd49e7c47280bd2888a30377e4b3e77c85bf
        .claude/rules/ecosystem-protocol.md: 0e30a97cc77584dbf13f4861b0099994e1ee3cb2853aaa0f73aca79f52e6986c
        .claude/rules/nominations.md: 9c969ef1fa1c79efdd7734203663125de5a8e4a58879506ed84ab2a50b86a5a6
        .claude/rules/project-task.md: 8d73467c517b6e471d327e12b599309abb61caebb9f9b8c5f44044d69ae057cf
        .claude/rules/vendored-files.md: a2da79507912d6bfd2fe70ac854b92b3ecbb39d9abbc5d273ce97e513d153abb
        .claude/skills/commit-schema/SKILL.md: 1480e2526a3fd5d02d4ae1510814f78c94d6aa460b376db9957cc8769758da9c
        .claude/skills/nominate/SKILL.md: bd528ed45ac6fa2f8f1cbfac0d34fa4a27ef0c4302d2de07b514954c051ca3af
        .githooks/commit-msg: d7e7569973647d1824e29f6eddb6c6c1e387e9769314e7d874fa320c1256a6a6
        .githooks/pre-commit: 8777807936321a2ccbff55c5de11638a4049688741422fada8da6a53b101a728
        .githooks/prepare-commit-msg: 50e5bf8f5b26cf76825b9e26be6f125e4f0cfb6d193f759ef910f9022131d5ce
        .github/workflows/commit-schema-validate.yml: 3eacdf925390d9c5b128865225ef2c94f4303275bde87a723cabdcbd60ca7b36
        docs/COMMIT-COOKBOOK.md: e954cc547f0d2e61867983eadd6d949c7ddc1f148465025586610e53f50000c1
        docs/COMMIT-SCHEMA.md: 4d572252e442ee022fe8b618247118f9d8a6796d8f698aa228454e2869e03343
      vendored_at: "2026-02-11T19:49:11Z"
      vendored_by: EmundoT <13877603+EmundoT@users.noreply.github.com>
      last_synced_at: "2026-02-17T20:09:37Z"
