schema_version: "1.2"
vendors:
    - name: git-plumbing
      ref: main
      commit_hash: 7f85f7020ff64420ca14928f515463cc51d85c4b
      license_path: .git-vendor\licenses\git-plumbing.txt
      updated: "2026-02-12T00:32:47Z"
      file_hashes:
        pkg/git-plumbing/branch.go: 4f7989bd438e932204d0c39ce8b8ed59c3734c5d6058a09f574caea8baa635be
        pkg/git-plumbing/commit.go: ed816f4b7a18210afb8cbe6b44df30954cb060bfeac1393e429ac9452fd7ec74
        pkg/git-plumbing/config.go: 4974cbb22572f9c7c98cc20e9025500c76a54f34150a4b6357c213ce3ef28141
        pkg/git-plumbing/custom_refs.go: 4ca72c8f06dc60b63a85600899de05605a278da419b35ad715a69219098e7004
        pkg/git-plumbing/diff.go: f9ddb056f3f6d117133fd4d0494e423dc392ee2d79574d08b04eb81f1f0daeea
        pkg/git-plumbing/errors.go: 170ae008ffd450fdc0eef6f42afa525492afa0e5073ca2071e80793592e30482
        pkg/git-plumbing/git.go: 9356d1a8bfb86666b85515c4497540084c9e7af6d059782445f87f0be32485ea
        pkg/git-plumbing/go.mod: fc7e17da6efea393520179ae5d4b63a2e5c4f30cf60222435ad8d58358907d13
        pkg/git-plumbing/hook.go: 99c699853d671f60392b84e99b244550fdae25fcea1cd4b75759a1c751f21cdb
        pkg/git-plumbing/log.go: 4b6075023fb8bd9ba13c29861863caa863ac12b8c12158d0940706ac6e5fcae1
        pkg/git-plumbing/notes.go: 8ba85c12962abde0140fa4ff07b0e1f4f7444a646768a8010038229df0fc9228
        pkg/git-plumbing/refs.go: d91b86ed288f76517cebba0b92280301b3cba1d9e3fe436de7fbef52e0eaec2d
        pkg/git-plumbing/remote.go: cafd82ced0ebe8c83cb540bdf489d12690052f08e98b567af2561d292c7ab9ee
        pkg/git-plumbing/status.go: 53dcc7e7d0c54bbb7706e6d28c62acf03c938f093297d7dce7168a1d210e1111
        pkg/git-plumbing/subject.go: 241dccd729c24adead0530cf0c85fc0f88e97e42b06313121cb79bfd1352f58c
        pkg/git-plumbing/surface.go: db9c72e6cd7301c2bf684a8e2a2156b57f1dbd4ce81ab43766f3425040321760
        pkg/git-plumbing/tag.go: 0a756247f1f52479dc59c415c52486695e45de5a76318eed24db96942911f37d
        pkg/git-plumbing/tags.go: 14b5603aeb757b76c82940a73687419a19d96f1bfbb3bc3ffb33a5b74dabb59c
        pkg/git-plumbing/tagscan.go: e8e11783525d929a771a2191936ff938ccf5de0b96217dffd79663c93b9a84cf
        pkg/git-plumbing/testutil/fixtures.go: ae76ca8445434e9400f3942ff2ed80c9657e6ea527e4efaa35c9cd5162f2775b
        pkg/git-plumbing/testutil/repo.go: f6d8ba62441d0d197a04092a931ccb2bf5e08d08a9e7ebb65878bbf1d6ce8736
        pkg/git-plumbing/tree.go: 709126c61fba5b64a310e119f5c1591d7bf9053ab6de94a10373bab18c11ac35
      license_spdx: MIT
      vendored_at: "2026-02-09T12:00:00Z"
      vendored_by: Claude <noreply@anthropic.com>
      last_synced_at: "2026-02-12T00:32:47Z"
    - name: git-ecosystem
      ref: main
      commit_hash: 6933d141129786b5ba20e6420811481ca11a9c8c
      license_path: .git-vendor\licenses\git-ecosystem.txt
      updated: "2026-02-12T00:32:47Z"
      file_hashes:
        .claude/hooks/env.sh: 430c9860a3fd6fc44a141304fe5c868ba5c2215931fec7a63ee44ceb5b928f5f
        .claude/hooks/go-format.sh: 02ea7ddd2b063f5e9ecf071c0c78a7cc85f5e41e98a3142f0d45979814d74998
        .claude/hooks/go-verify.sh: e15d9d8cc6b4533f3103fca7782e2e887c6056929fb0477ccb95cb163bbd3a56
        .claude/rules/commit-schema-tags.md: 7a8bf78b4113e8dcd0141dc845e028b361667786aab42bdc7dc1a1cdf46f22ac
        .claude/rules/ecosystem-protocol.md: 75de7b6c60d9a4415b2bed00c592d627faa8f0b83b3b68df12dee261e6508769
        .claude/skills/commit-schema/SKILL.md: 1480e2526a3fd5d02d4ae1510814f78c94d6aa460b376db9957cc8769758da9c
        .githooks/commit-msg: 88e7d7ad82d167127aa4bfaae0914d88090f688a406410c84190b62936059fb8
        .githooks/pre-commit: f031345894d090a1f4a105114bd6208f8edda5f55829f0bea5aa365315dd8050
        .githooks/prepare-commit-msg: 603e5b5cb78f2b7d03450411de9cb0652275b7ee814e20728c4a07c1207c4a8a
        docs/COMMIT-COOKBOOK.md: e954cc547f0d2e61867983eadd6d949c7ddc1f148465025586610e53f50000c1
        docs/COMMIT-SCHEMA.md: 313ec2bb5f6868382f4133fc17977a6a456dac644f19c5c6dcd6daba74c615b2
      vendored_at: "2026-02-11T19:49:11Z"
      vendored_by: EmundoT <emtheredia@gmail.com>
      last_synced_at: "2026-02-12T00:32:47Z"
